
Microsoft Visual Studio Solution File, Format Version 12.00
# Visual Studio Version 16
VisualStudioVersion = 16.0.29409.12
MinimumVisualStudioVersion = 10.0.40219.1
Project("{FAE04EC0-301F-11D3-BF4B-00C04F79EFBC}") = "MyXello.Api", "MyXello.Api.csproj", "{F7779BB7-62C3-43FC-BD08-B4D8AF3B4164}"
EndProject
Global
	GlobalSection(SolutionConfigurationPlatforms) = preSolution
		Debug|Any CPU = Debug|Any CPU
		Release|Any CPU = Release|Any CPU
	EndGlobalSection
	GlobalSection(ProjectConfigurationPlatforms) = postSolution
		{F7779BB7-62C3-43FC-BD08-B4D8AF3B4164}.Debug|Any CPU.ActiveCfg = Debug|Any CPU
		{F7779BB7-62C3-43FC-BD08-B4D8AF3B4164}.Debug|Any CPU.Build.0 = Debug|Any CPU
		{F7779BB7-62C3-43FC-BD08-B4D8AF3B4164}.Release|Any CPU.ActiveCfg = Release|Any CPU
		{F7779BB7-62C3-43FC-BD08-B4D8AF3B4164}.Release|Any CPU.Build.0 = Release|Any CPU
	EndGlobalSection
	GlobalSection(SolutionProperties) = preSolution
		HideSolutionNode = FALSE
	EndGlobalSection
	GlobalSection(ExtensibilityGlobals) = postSolution
		SolutionGuid = {2DE0CCA4-C7C2-4D7C-8EC0-34AACDF21D03}
	EndGlobalSection
EndGlobal
